
Microsoft Visual Studio Solution File, Format Version 12.00
# Visual Studio 14
VisualStudioVersion = 14.0.25420.1
MinimumVisualStudioVersion = 10.0.40219.1
Project("{FAE04EC0-301F-11D3-BF4B-00C04F79EFBC}") = "OpenCaller.Mobile", "OpenCaller.Mobile\OpenCaller.Mobile\OpenCaller.Mobile.csproj", "{D1FCF556-8583-4C2F-BC87-C49F046D347C}"
EndProject
Project("{FAE04EC0-301F-11D3-BF4B-00C04F79EFBC}") = "OpenCaller.Mobile.Droid", "OpenCaller.Mobile\OpenCaller.Mobile.Droid\OpenCaller.Mobile.Droid.csproj", "{B26B07D1-80A2-40DD-9C49-C1A1D287BAA7}"
EndProject
Project("{FAE04EC0-301F-11D3-BF4B-00C04F79EFBC}") = "OpenCaller.Mobile.iOS", "OpenCaller.Mobile\OpenCaller.Mobile.iOS\OpenCaller.Mobile.iOS.csproj", "{68053B6C-DCC9-4EA4-ACEB-1C2638795253}"
EndProject
Project("{FAE04EC0-301F-11D3-BF4B-00C04F79EFBC}") = "OpenCaller.Mobile.WinPhone", "OpenCaller.Mobile\OpenCaller.Mobile.WinPhone\OpenCaller.Mobile.WinPhone.csproj", "{56867E34-445F-46CD-8E16-142A76345D81}"
EndProject
Project("{FAE04EC0-301F-11D3-BF4B-00C04F79EFBC}") = "OpenCaller.Mobile.UWP", "OpenCaller.Mobile\OpenCaller.Mobile.UWP\OpenCaller.Mobile.UWP.csproj", "{12A0A1A8-0BD7-483C-B31A-E082D5BDAEE5}"
EndProject
Project("{FAE04EC0-301F-11D3-BF4B-00C04F79EFBC}") = "OpenCaller.Mobile.Windows", "OpenCaller.Mobile\OpenCaller.Mobile.Windows\OpenCaller.Mobile.Windows.csproj", "{0B4374B4-5DF2-4090-A38E-79CC621364FE}"
EndProject
Project("{2150E333-8FDC-42A3-9474-1A3956D46DE8}") = "1 - Core", "1 - Core", "{F9C9820E-AB5A-4296-A53C-C7730A5823A4}"
EndProject
Project("{FAE04EC0-301F-11D3-BF4B-00C04F79EFBC}") = "OpenCaller.Core", "OpenCaller.Core\OpenCaller.Core.csproj", "{19E32A30-3D3B-4796-A2FD-379619F86244}"
EndProject
Project("{2150E333-8FDC-42A3-9474-1A3956D46DE8}") = "2 - Infrastructure", "2 - Infrastructure", "{70E44C0D-2A13-4939-A38D-D515E91BB2E3}"
EndProject
Project("{2150E333-8FDC-42A3-9474-1A3956D46DE8}") = "3 - Presentation", "3 - Presentation", "{E6993CB0-9294-4888-A279-0B9341900966}"
EndProject
Project("{2150E333-8FDC-42A3-9474-1A3956D46DE8}") = "3.1 - Mobile", "3.1 - Mobile", "{75C6D005-0602-4C8C-BBA2-502ED9D33156}"
EndProject
Project("{2150E333-8FDC-42A3-9474-1A3956D46DE8}") = "3.1.1 - Shared", "3.1.1 - Shared", "{7FFD23CE-3A9F-4776-B7DC-0CBD0DF982C0}"
EndProject
Project("{2150E333-8FDC-42A3-9474-1A3956D46DE8}") = "3.1.3 - Platforms", "3.1.3 - Platforms", "{87F19ABD-04D6-4961-9FA0-C853D2089924}"
EndProject
Project("{2150E333-8FDC-42A3-9474-1A3956D46DE8}") = "3.1.2 - Backend", "3.1.2 - Backend", "{16550385-8F83-46F6-AC41-5BEEAFDBC06C}"
EndProject
Project("{FAE04EC0-301F-11D3-BF4B-00C04F79EFBC}") = "OpenCaller.Mobile.Backend", "OpenCaller.Mobile.Backend\OpenCaller.Mobile.Backend.csproj", "{E618CB8D-5134-48EA-9DC3-CB4441E79B89}"
EndProject
Project("{FAE04EC0-301F-11D3-BF4B-00C04F79EFBC}") = "OpenCaller.Mobile.Backend.Tests", "OpenCaller.Mobile.Backend.Tests\OpenCaller.Mobile.Backend.Tests.csproj", "{A7C6D93F-2FA5-4976-984F-A5EB2AE530FE}"
EndProject
Project("{FAE04EC0-301F-11D3-BF4B-00C04F79EFBC}") = "OpenCaller.Web.SQLServer", "OpenCaller.Web.SQLServer\OpenCaller.Web.SQLServer.csproj", "{AEDC5F78-14B7-4E9D-B8C7-603D3B7C78B8}"
EndProject
Project("{FAE04EC0-301F-11D3-BF4B-00C04F79EFBC}") = "OpenCaller.Web.IoC", "OpenCaller.Web.IoC\OpenCaller.Web.IoC.csproj", "{32C67E9B-4F1B-454A-AF39-CD6B3ABABEE8}"
EndProject
Project("{FAE04EC0-301F-11D3-BF4B-00C04F79EFBC}") = "OpenCaller.Mobile.Data", "OpenCaller.Mobile.Data\OpenCaller.Mobile.Data.csproj", "{95D44A0C-EB23-457B-8604-2100ED726018}"
EndProject
Global
	GlobalSection(SolutionConfigurationPlatforms) = preSolution
		Ad-Hoc|Any CPU = Ad-Hoc|Any CPU
		Ad-Hoc|ARM = Ad-Hoc|ARM
		Ad-Hoc|iPhone = Ad-Hoc|iPhone
		Ad-Hoc|iPhoneSimulator = Ad-Hoc|iPhoneSimulator
		Ad-Hoc|x64 = Ad-Hoc|x64
		Ad-Hoc|x86 = Ad-Hoc|x86
		AppStore|Any CPU = AppStore|Any CPU
		AppStore|ARM = AppStore|ARM
		AppStore|iPhone = AppStore|iPhone
		AppStore|iPhoneSimulator = AppStore|iPhoneSimulator
		AppStore|x64 = AppStore|x64
		AppStore|x86 = AppStore|x86
		Debug|Any CPU = Debug|Any CPU
		Debug|ARM = Debug|ARM
		Debug|iPhone = Debug|iPhone
		Debug|iPhoneSimulator = Debug|iPhoneSimulator
		Debug|x64 = Debug|x64
		Debug|x86 = Debug|x86
		Release|Any CPU = Release|Any CPU
		Release|ARM = Release|ARM
		Release|iPhone = Release|iPhone
		Release|iPhoneSimulator = Release|iPhoneSimulator
		Release|x64 = Release|x64
		Release|x86 = Release|x86
	EndGlobalSection
	GlobalSection(ProjectConfigurationPlatforms) = postSolution
		{D1FCF556-8583-4C2F-BC87-C49F046D347C}.Ad-Hoc|Any CPU.ActiveCfg = Release|Any CPU
		{D1FCF556-8583-4C2F-BC87-C49F046D347C}.Ad-Hoc|Any CPU.Build.0 = Release|Any CPU
		{D1FCF556-8583-4C2F-BC87-C49F046D347C}.Ad-Hoc|ARM.ActiveCfg = Release|Any CPU
		{D1FCF556-8583-4C2F-BC87-C49F046D347C}.Ad-Hoc|ARM.Build.0 = Release|Any CPU
		{D1FCF556-8583-4C2F-BC87-C49F046D347C}.Ad-Hoc|iPhone.ActiveCfg = Release|Any CPU
		{D1FCF556-8583-4C2F-BC87-C49F046D347C}.Ad-Hoc|iPhone.Build.0 = Release|Any CPU
		{D1FCF556-8583-4C2F-BC87-C49F046D347C}.Ad-Hoc|iPhoneSimulator.ActiveCfg = Release|Any CPU
		{D1FCF556-8583-4C2F-BC87-C49F046D347C}.Ad-Hoc|iPhoneSimulator.Build.0 = Release|Any CPU
		{D1FCF556-8583-4C2F-BC87-C49F046D347C}.Ad-Hoc|x64.ActiveCfg = Release|Any CPU
		{D1FCF556-8583-4C2F-BC87-C49F046D347C}.Ad-Hoc|x64.Build.0 = Release|Any CPU
		{D1FCF556-8583-4C2F-BC87-C49F046D347C}.Ad-Hoc|x86.ActiveCfg = Release|Any CPU
		{D1FCF556-8583-4C2F-BC87-C49F046D347C}.Ad-Hoc|x86.Build.0 = Release|Any CPU
		{D1FCF556-8583-4C2F-BC87-C49F046D347C}.AppStore|Any CPU.ActiveCfg = Release|Any CPU
		{D1FCF556-8583-4C2F-BC87-C49F046D347C}.AppStore|Any CPU.Build.0 = Release|Any CPU
		{D1FCF556-8583-4C2F-BC87-C49F046D347C}.AppStore|ARM.ActiveCfg = Release|Any CPU
		{D1FCF556-8583-4C2F-BC87-C49F046D347C}.AppStore|ARM.Build.0 = Release|Any CPU
		{D1FCF556-8583-4C2F-BC87-C49F046D347C}.AppStore|iPhone.ActiveCfg = Release|Any CPU
		{D1FCF556-8583-4C2F-BC87-C49F046D347C}.AppStore|iPhone.Build.0 = Release|Any CPU
		{D1FCF556-8583-4C2F-BC87-C49F046D347C}.AppStore|iPhoneSimulator.ActiveCfg = Release|Any CPU
		{D1FCF556-8583-4C2F-BC87-C49F046D347C}.AppStore|iPhoneSimulator.Build.0 = Release|Any CPU
		{D1FCF556-8583-4C2F-BC87-C49F046D347C}.AppStore|x64.ActiveCfg = Release|Any CPU
		{D1FCF556-8583-4C2F-BC87-C49F046D347C}.AppStore|x64.Build.0 = Release|Any CPU
		{D1FCF556-8583-4C2F-BC87-C49F046D347C}.AppStore|x86.ActiveCfg = Release|Any CPU
		{D1FCF556-8583-4C2F-BC87-C49F046D347C}.AppStore|x86.Build.0 = Release|Any CPU
		{D1FCF556-8583-4C2F-BC87-C49F046D347C}.Debug|Any CPU.ActiveCfg = Debug|Any CPU
		{D1FCF556-8583-4C2F-BC87-C49F046D347C}.Debug|Any CPU.Build.0 = Debug|Any CPU
		{D1FCF556-8583-4C2F-BC87-C49F046D347C}.Debug|ARM.ActiveCfg = Debug|Any CPU
		{D1FCF556-8583-4C2F-BC87-C49F046D347C}.Debug|ARM.Build.0 = Debug|Any CPU
		{D1FCF556-8583-4C2F-BC87-C49F046D347C}.Debug|iPhone.ActiveCfg = Debug|Any CPU
		{D1FCF556-8583-4C2F-BC87-C49F046D347C}.Debug|iPhone.Build.0 = Debug|Any CPU
		{D1FCF556-8583-4C2F-BC87-C49F046D347C}.Debug|iPhoneSimulator.ActiveCfg = Debug|Any CPU
		{D1FCF556-8583-4C2F-BC87-C49F046D347C}.Debug|iPhoneSimulator.Build.0 = Debug|Any CPU
		{D1FCF556-8583-4C2F-BC87-C49F046D347C}.Debug|x64.ActiveCfg = Debug|Any CPU
		{D1FCF556-8583-4C2F-BC87-C49F046D347C}.Debug|x64.Build.0 = Debug|Any CPU
		{D1FCF556-8583-4C2F-BC87-C49F046D347C}.Debug|x86.ActiveCfg = Debug|Any CPU
		{D1FCF556-8583-4C2F-BC87-C49F046D347C}.Debug|x86.Build.0 = Debug|Any CPU
		{D1FCF556-8583-4C2F-BC87-C49F046D347C}.Release|Any CPU.ActiveCfg = Release|Any CPU
		{D1FCF556-8583-4C2F-BC87-C49F046D347C}.Release|Any CPU.Build.0 = Release|Any CPU
		{D1FCF556-8583-4C2F-BC87-C49F046D347C}.Release|ARM.ActiveCfg = Release|Any CPU
		{D1FCF556-8583-4C2F-BC87-C49F046D347C}.Release|ARM.Build.0 = Release|Any CPU
		{D1FCF556-8583-4C2F-BC87-C49F046D347C}.Release|iPhone.ActiveCfg = Release|Any CPU
		{D1FCF556-8583-4C2F-BC87-C49F046D347C}.Release|iPhone.Build.0 = Release|Any CPU
		{D1FCF556-8583-4C2F-BC87-C49F046D347C}.Release|iPhoneSimulator.ActiveCfg = Release|Any CPU
		{D1FCF556-8583-4C2F-BC87-C49F046D347C}.Release|iPhoneSimulator.Build.0 = Release|Any CPU
		{D1FCF556-8583-4C2F-BC87-C49F046D347C}.Release|x64.ActiveCfg = Release|Any CPU
		{D1FCF556-8583-4C2F-BC87-C49F046D347C}.Release|x64.Build.0 = Release|Any CPU
		{D1FCF556-8583-4C2F-BC87-C49F046D347C}.Release|x86.ActiveCfg = Release|Any CPU
		{D1FCF556-8583-4C2F-BC87-C49F046D347C}.Release|x86.Build.0 = Release|Any CPU
		{B26B07D1-80A2-40DD-9C49-C1A1D287BAA7}.Ad-Hoc|Any CPU.ActiveCfg = Release|Any CPU
		{B26B07D1-80A2-40DD-9C49-C1A1D287BAA7}.Ad-Hoc|Any CPU.Build.0 = Release|Any CPU
		{B26B07D1-80A2-40DD-9C49-C1A1D287BAA7}.Ad-Hoc|Any CPU.Deploy.0 = Release|Any CPU
		{B26B07D1-80A2-40DD-9C49-C1A1D287BAA7}.Ad-Hoc|ARM.ActiveCfg = Release|Any CPU
		{B26B07D1-80A2-40DD-9C49-C1A1D287BAA7}.Ad-Hoc|ARM.Build.0 = Release|Any CPU
		{B26B07D1-80A2-40DD-9C49-C1A1D287BAA7}.Ad-Hoc|ARM.Deploy.0 = Release|Any CPU
		{B26B07D1-80A2-40DD-9C49-C1A1D287BAA7}.Ad-Hoc|iPhone.ActiveCfg = Release|Any CPU
		{B26B07D1-80A2-40DD-9C49-C1A1D287BAA7}.Ad-Hoc|iPhone.Build.0 = Release|Any CPU
		{B26B07D1-80A2-40DD-9C49-C1A1D287BAA7}.Ad-Hoc|iPhone.Deploy.0 = Release|Any CPU
		{B26B07D1-80A2-40DD-9C49-C1A1D287BAA7}.Ad-Hoc|iPhoneSimulator.ActiveCfg = Release|Any CPU
		{B26B07D1-80A2-40DD-9C49-C1A1D287BAA7}.Ad-Hoc|iPhoneSimulator.Build.0 = Release|Any CPU
		{B26B07D1-80A2-40DD-9C49-C1A1D287BAA7}.Ad-Hoc|iPhoneSimulator.Deploy.0 = Release|Any CPU
		{B26B07D1-80A2-40DD-9C49-C1A1D287BAA7}.Ad-Hoc|x64.ActiveCfg = Release|Any CPU
		{B26B07D1-80A2-40DD-9C49-C1A1D287BAA7}.Ad-Hoc|x64.Build.0 = Release|Any CPU
		{B26B07D1-80A2-40DD-9C49-C1A1D287BAA7}.Ad-Hoc|x64.Deploy.0 = Release|Any CPU
		{B26B07D1-80A2-40DD-9C49-C1A1D287BAA7}.Ad-Hoc|x86.ActiveCfg = Release|Any CPU
		{B26B07D1-80A2-40DD-9C49-C1A1D287BAA7}.Ad-Hoc|x86.Build.0 = Release|Any CPU
		{B26B07D1-80A2-40DD-9C49-C1A1D287BAA7}.Ad-Hoc|x86.Deploy.0 = Release|Any CPU
		{B26B07D1-80A2-40DD-9C49-C1A1D287BAA7}.AppStore|Any CPU.ActiveCfg = Release|Any CPU
		{B26B07D1-80A2-40DD-9C49-C1A1D287BAA7}.AppStore|Any CPU.Build.0 = Release|Any CPU
		{B26B07D1-80A2-40DD-9C49-C1A1D287BAA7}.AppStore|Any CPU.Deploy.0 = Release|Any CPU
		{B26B07D1-80A2-40DD-9C49-C1A1D287BAA7}.AppStore|ARM.ActiveCfg = Release|Any CPU
		{B26B07D1-80A2-40DD-9C49-C1A1D287BAA7}.AppStore|ARM.Build.0 = Release|Any CPU
		{B26B07D1-80A2-40DD-9C49-C1A1D287BAA7}.AppStore|ARM.Deploy.0 = Release|Any CPU
		{B26B07D1-80A2-40DD-9C49-C1A1D287BAA7}.AppStore|iPhone.ActiveCfg = Release|Any CPU
		{B26B07D1-80A2-40DD-9C49-C1A1D287BAA7}.AppStore|iPhone.Build.0 = Release|Any CPU
		{B26B07D1-80A2-40DD-9C49-C1A1D287BAA7}.AppStore|iPhone.Deploy.0 = Release|Any CPU
		{B26B07D1-80A2-40DD-9C49-C1A1D287BAA7}.AppStore|iPhoneSimulator.ActiveCfg = Release|Any CPU
		{B26B07D1-80A2-40DD-9C49-C1A1D287BAA7}.AppStore|iPhoneSimulator.Build.0 = Release|Any CPU
		{B26B07D1-80A2-40DD-9C49-C1A1D287BAA7}.AppStore|iPhoneSimulator.Deploy.0 = Release|Any CPU
		{B26B07D1-80A2-40DD-9C49-C1A1D287BAA7}.AppStore|x64.ActiveCfg = Release|Any CPU
		{B26B07D1-80A2-40DD-9C49-C1A1D287BAA7}.AppStore|x64.Build.0 = Release|Any CPU
		{B26B07D1-80A2-40DD-9C49-C1A1D287BAA7}.AppStore|x64.Deploy.0 = Release|Any CPU
		{B26B07D1-80A2-40DD-9C49-C1A1D287BAA7}.AppStore|x86.ActiveCfg = Release|Any CPU
		{B26B07D1-80A2-40DD-9C49-C1A1D287BAA7}.AppStore|x86.Build.0 = Release|Any CPU
		{B26B07D1-80A2-40DD-9C49-C1A1D287BAA7}.AppStore|x86.Deploy.0 = Release|Any CPU
		{B26B07D1-80A2-40DD-9C49-C1A1D287BAA7}.Debug|Any CPU.ActiveCfg = Debug|Any CPU
		{B26B07D1-80A2-40DD-9C49-C1A1D287BAA7}.Debug|Any CPU.Build.0 = Debug|Any CPU
		{B26B07D1-80A2-40DD-9C49-C1A1D287BAA7}.Debug|Any CPU.Deploy.0 = Debug|Any CPU
		{B26B07D1-80A2-40DD-9C49-C1A1D287BAA7}.Debug|ARM.ActiveCfg = Debug|Any CPU
		{B26B07D1-80A2-40DD-9C49-C1A1D287BAA7}.Debug|ARM.Build.0 = Debug|Any CPU
		{B26B07D1-80A2-40DD-9C49-C1A1D287BAA7}.Debug|ARM.Deploy.0 = Debug|Any CPU
		{B26B07D1-80A2-40DD-9C49-C1A1D287BAA7}.Debug|iPhone.ActiveCfg = Debug|Any CPU
		{B26B07D1-80A2-40DD-9C49-C1A1D287BAA7}.Debug|iPhone.Build.0 = Debug|Any CPU
		{B26B07D1-80A2-40DD-9C49-C1A1D287BAA7}.Debug|iPhone.Deploy.0 = Debug|Any CPU
		{B26B07D1-80A2-40DD-9C49-C1A1D287BAA7}.Debug|iPhoneSimulator.ActiveCfg = Debug|Any CPU
		{B26B07D1-80A2-40DD-9C49-C1A1D287BAA7}.Debug|iPhoneSimulator.Build.0 = Debug|Any CPU
		{B26B07D1-80A2-40DD-9C49-C1A1D287BAA7}.Debug|iPhoneSimulator.Deploy.0 = Debug|Any CPU
		{B26B07D1-80A2-40DD-9C49-C1A1D287BAA7}.Debug|x64.ActiveCfg = Debug|Any CPU
		{B26B07D1-80A2-40DD-9C49-C1A1D287BAA7}.Debug|x64.Build.0 = Debug|Any CPU
		{B26B07D1-80A2-40DD-9C49-C1A1D287BAA7}.Debug|x64.Deploy.0 = Debug|Any CPU
		{B26B07D1-80A2-40DD-9C49-C1A1D287BAA7}.Debug|x86.ActiveCfg = Debug|Any CPU
		{B26B07D1-80A2-40DD-9C49-C1A1D287BAA7}.Debug|x86.Build.0 = Debug|Any CPU
		{B26B07D1-80A2-40DD-9C49-C1A1D287BAA7}.Debug|x86.Deploy.0 = Debug|Any CPU
		{B26B07D1-80A2-40DD-9C49-C1A1D287BAA7}.Release|Any CPU.ActiveCfg = Release|Any CPU
		{B26B07D1-80A2-40DD-9C49-C1A1D287BAA7}.Release|Any CPU.Build.0 = Release|Any CPU
		{B26B07D1-80A2-40DD-9C49-C1A1D287BAA7}.Release|Any CPU.Deploy.0 = Release|Any CPU
		{B26B07D1-80A2-40DD-9C49-C1A1D287BAA7}.Release|ARM.ActiveCfg = Release|Any CPU
		{B26B07D1-80A2-40DD-9C49-C1A1D287BAA7}.Release|ARM.Build.0 = Release|Any CPU
		{B26B07D1-80A2-40DD-9C49-C1A1D287BAA7}.Release|ARM.Deploy.0 = Release|Any CPU
		{B26B07D1-80A2-40DD-9C49-C1A1D287BAA7}.Release|iPhone.ActiveCfg = Release|Any CPU
		{B26B07D1-80A2-40DD-9C49-C1A1D287BAA7}.Release|iPhone.Build.0 = Release|Any CPU
		{B26B07D1-80A2-40DD-9C49-C1A1D287BAA7}.Release|iPhone.Deploy.0 = Release|Any CPU
		{B26B07D1-80A2-40DD-9C49-C1A1D287BAA7}.Release|iPhoneSimulator.ActiveCfg = Release|Any CPU
		{B26B07D1-80A2-40DD-9C49-C1A1D287BAA7}.Release|iPhoneSimulator.Build.0 = Release|Any CPU
		{B26B07D1-80A2-40DD-9C49-C1A1D287BAA7}.Release|iPhoneSimulator.Deploy.0 = Release|Any CPU
		{B26B07D1-80A2-40DD-9C49-C1A1D287BAA7}.Release|x64.ActiveCfg = Release|Any CPU
		{B26B07D1-80A2-40DD-9C49-C1A1D287BAA7}.Release|x64.Build.0 = Release|Any CPU
		{B26B07D1-80A2-40DD-9C49-C1A1D287BAA7}.Release|x64.Deploy.0 = Release|Any CPU
		{B26B07D1-80A2-40DD-9C49-C1A1D287BAA7}.Release|x86.ActiveCfg = Release|Any CPU
		{B26B07D1-80A2-40DD-9C49-C1A1D287BAA7}.Release|x86.Build.0 = Release|Any CPU
		{B26B07D1-80A2-40DD-9C49-C1A1D287BAA7}.Release|x86.Deploy.0 = Release|Any CPU
		{68053B6C-DCC9-4EA4-ACEB-1C2638795253}.Ad-Hoc|Any CPU.ActiveCfg = Ad-Hoc|iPhone
		{68053B6C-DCC9-4EA4-ACEB-1C2638795253}.Ad-Hoc|ARM.ActiveCfg = Ad-Hoc|iPhone
		{68053B6C-DCC9-4EA4-ACEB-1C2638795253}.Ad-Hoc|iPhone.ActiveCfg = Ad-Hoc|iPhone
		{68053B6C-DCC9-4EA4-ACEB-1C2638795253}.Ad-Hoc|iPhone.Build.0 = Ad-Hoc|iPhone
		{68053B6C-DCC9-4EA4-ACEB-1C2638795253}.Ad-Hoc|iPhoneSimulator.ActiveCfg = Ad-Hoc|iPhoneSimulator
		{68053B6C-DCC9-4EA4-ACEB-1C2638795253}.Ad-Hoc|iPhoneSimulator.Build.0 = Ad-Hoc|iPhoneSimulator
		{68053B6C-DCC9-4EA4-ACEB-1C2638795253}.Ad-Hoc|x64.ActiveCfg = Ad-Hoc|iPhone
		{68053B6C-DCC9-4EA4-ACEB-1C2638795253}.Ad-Hoc|x86.ActiveCfg = Ad-Hoc|iPhone
		{68053B6C-DCC9-4EA4-ACEB-1C2638795253}.AppStore|Any CPU.ActiveCfg = AppStore|iPhone
		{68053B6C-DCC9-4EA4-ACEB-1C2638795253}.AppStore|ARM.ActiveCfg = AppStore|iPhone
		{68053B6C-DCC9-4EA4-ACEB-1C2638795253}.AppStore|iPhone.ActiveCfg = AppStore|iPhone
		{68053B6C-DCC9-4EA4-ACEB-1C2638795253}.AppStore|iPhone.Build.0 = AppStore|iPhone
		{68053B6C-DCC9-4EA4-ACEB-1C2638795253}.AppStore|iPhoneSimulator.ActiveCfg = AppStore|iPhoneSimulator
		{68053B6C-DCC9-4EA4-ACEB-1C2638795253}.AppStore|iPhoneSimulator.Build.0 = AppStore|iPhoneSimulator
		{68053B6C-DCC9-4EA4-ACEB-1C2638795253}.AppStore|x64.ActiveCfg = AppStore|iPhone
		{68053B6C-DCC9-4EA4-ACEB-1C2638795253}.AppStore|x86.ActiveCfg = AppStore|iPhone
		{68053B6C-DCC9-4EA4-ACEB-1C2638795253}.Debug|Any CPU.ActiveCfg = Debug|iPhone
		{68053B6C-DCC9-4EA4-ACEB-1C2638795253}.Debug|ARM.ActiveCfg = Debug|iPhone
		{68053B6C-DCC9-4EA4-ACEB-1C2638795253}.Debug|iPhone.ActiveCfg = Debug|iPhone
		{68053B6C-DCC9-4EA4-ACEB-1C2638795253}.Debug|iPhone.Build.0 = Debug|iPhone
		{68053B6C-DCC9-4EA4-ACEB-1C2638795253}.Debug|iPhoneSimulator.ActiveCfg = Debug|iPhoneSimulator
		{68053B6C-DCC9-4EA4-ACEB-1C2638795253}.Debug|iPhoneSimulator.Build.0 = Debug|iPhoneSimulator
		{68053B6C-DCC9-4EA4-ACEB-1C2638795253}.Debug|x64.ActiveCfg = Debug|iPhone
		{68053B6C-DCC9-4EA4-ACEB-1C2638795253}.Debug|x86.ActiveCfg = Debug|iPhone
		{68053B6C-DCC9-4EA4-ACEB-1C2638795253}.Release|Any CPU.ActiveCfg = Release|iPhone
		{68053B6C-DCC9-4EA4-ACEB-1C2638795253}.Release|ARM.ActiveCfg = Release|iPhone
		{68053B6C-DCC9-4EA4-ACEB-1C2638795253}.Release|iPhone.ActiveCfg = Release|iPhone
		{68053B6C-DCC9-4EA4-ACEB-1C2638795253}.Release|iPhone.Build.0 = Release|iPhone
		{68053B6C-DCC9-4EA4-ACEB-1C2638795253}.Release|iPhoneSimulator.ActiveCfg = Release|iPhoneSimulator
		{68053B6C-DCC9-4EA4-ACEB-1C2638795253}.Release|iPhoneSimulator.Build.0 = Release|iPhoneSimulator
		{68053B6C-DCC9-4EA4-ACEB-1C2638795253}.Release|x64.ActiveCfg = Release|iPhone
		{68053B6C-DCC9-4EA4-ACEB-1C2638795253}.Release|x86.ActiveCfg = Release|iPhone
		{56867E34-445F-46CD-8E16-142A76345D81}.Ad-Hoc|Any CPU.ActiveCfg = Release|Any CPU
		{56867E34-445F-46CD-8E16-142A76345D81}.Ad-Hoc|Any CPU.Build.0 = Release|Any CPU
		{56867E34-445F-46CD-8E16-142A76345D81}.Ad-Hoc|Any CPU.Deploy.0 = Release|Any CPU
		{56867E34-445F-46CD-8E16-142A76345D81}.Ad-Hoc|ARM.ActiveCfg = Release|ARM
		{56867E34-445F-46CD-8E16-142A76345D81}.Ad-Hoc|ARM.Build.0 = Release|ARM
		{56867E34-445F-46CD-8E16-142A76345D81}.Ad-Hoc|ARM.Deploy.0 = Release|ARM
		{56867E34-445F-46CD-8E16-142A76345D81}.Ad-Hoc|iPhone.ActiveCfg = Release|Any CPU
		{56867E34-445F-46CD-8E16-142A76345D81}.Ad-Hoc|iPhone.Build.0 = Release|Any CPU
		{56867E34-445F-46CD-8E16-142A76345D81}.Ad-Hoc|iPhone.Deploy.0 = Release|Any CPU
		{56867E34-445F-46CD-8E16-142A76345D81}.Ad-Hoc|iPhoneSimulator.ActiveCfg = Release|Any CPU
		{56867E34-445F-46CD-8E16-142A76345D81}.Ad-Hoc|iPhoneSimulator.Build.0 = Release|Any CPU
		{56867E34-445F-46CD-8E16-142A76345D81}.Ad-Hoc|iPhoneSimulator.Deploy.0 = Release|Any CPU
		{56867E34-445F-46CD-8E16-142A76345D81}.Ad-Hoc|x64.ActiveCfg = Release|Any CPU
		{56867E34-445F-46CD-8E16-142A76345D81}.Ad-Hoc|x64.Build.0 = Release|Any CPU
		{56867E34-445F-46CD-8E16-142A76345D81}.Ad-Hoc|x64.Deploy.0 = Release|Any CPU
		{56867E34-445F-46CD-8E16-142A76345D81}.Ad-Hoc|x86.ActiveCfg = Release|x86
		{56867E34-445F-46CD-8E16-142A76345D81}.Ad-Hoc|x86.Build.0 = Release|x86
		{56867E34-445F-46CD-8E16-142A76345D81}.Ad-Hoc|x86.Deploy.0 = Release|x86
		{56867E34-445F-46CD-8E16-142A76345D81}.AppStore|Any CPU.ActiveCfg = Release|Any CPU
		{56867E34-445F-46CD-8E16-142A76345D81}.AppStore|Any CPU.Build.0 = Release|Any CPU
		{56867E34-445F-46CD-8E16-142A76345D81}.AppStore|Any CPU.Deploy.0 = Release|Any CPU
		{56867E34-445F-46CD-8E16-142A76345D81}.AppStore|ARM.ActiveCfg = Release|ARM
		{56867E34-445F-46CD-8E16-142A76345D81}.AppStore|ARM.Build.0 = Release|ARM
		{56867E34-445F-46CD-8E16-142A76345D81}.AppStore|ARM.Deploy.0 = Release|ARM
		{56867E34-445F-46CD-8E16-142A76345D81}.AppStore|iPhone.ActiveCfg = Release|Any CPU
		{56867E34-445F-46CD-8E16-142A76345D81}.AppStore|iPhone.Build.0 = Release|Any CPU
		{56867E34-445F-46CD-8E16-142A76345D81}.AppStore|iPhone.Deploy.0 = Release|Any CPU
		{56867E34-445F-46CD-8E16-142A76345D81}.AppStore|iPhoneSimulator.ActiveCfg = Release|Any CPU
		{56867E34-445F-46CD-8E16-142A76345D81}.AppStore|iPhoneSimulator.Build.0 = Release|Any CPU
		{56867E34-445F-46CD-8E16-142A76345D81}.AppStore|iPhoneSimulator.Deploy.0 = Release|Any CPU
		{56867E34-445F-46CD-8E16-142A76345D81}.AppStore|x64.ActiveCfg = Release|Any CPU
		{56867E34-445F-46CD-8E16-142A76345D81}.AppStore|x64.Build.0 = Release|Any CPU
		{56867E34-445F-46CD-8E16-142A76345D81}.AppStore|x64.Deploy.0 = Release|Any CPU
		{56867E34-445F-46CD-8E16-142A76345D81}.AppStore|x86.ActiveCfg = Release|x86
		{56867E34-445F-46CD-8E16-142A76345D81}.AppStore|x86.Build.0 = Release|x86
		{56867E34-445F-46CD-8E16-142A76345D81}.AppStore|x86.Deploy.0 = Release|x86
		{56867E34-445F-46CD-8E16-142A76345D81}.Debug|Any CPU.ActiveCfg = Debug|Any CPU
		{56867E34-445F-46CD-8E16-142A76345D81}.Debug|Any CPU.Build.0 = Debug|Any CPU
		{56867E34-445F-46CD-8E16-142A76345D81}.Debug|Any CPU.Deploy.0 = Debug|Any CPU
		{56867E34-445F-46CD-8E16-142A76345D81}.Debug|ARM.ActiveCfg = Debug|ARM
		{56867E34-445F-46CD-8E16-142A76345D81}.Debug|ARM.Build.0 = Debug|ARM
		{56867E34-445F-46CD-8E16-142A76345D81}.Debug|ARM.Deploy.0 = Debug|ARM
		{56867E34-445F-46CD-8E16-142A76345D81}.Debug|iPhone.ActiveCfg = Debug|Any CPU
		{56867E34-445F-46CD-8E16-142A76345D81}.Debug|iPhone.Build.0 = Debug|Any CPU
		{56867E34-445F-46CD-8E16-142A76345D81}.Debug|iPhone.Deploy.0 = Debug|Any CPU
		{56867E34-445F-46CD-8E16-142A76345D81}.Debug|iPhoneSimulator.ActiveCfg = Debug|Any CPU
		{56867E34-445F-46CD-8E16-142A76345D81}.Debug|iPhoneSimulator.Build.0 = Debug|Any CPU
		{56867E34-445F-46CD-8E16-142A76345D81}.Debug|iPhoneSimulator.Deploy.0 = Debug|Any CPU
		{56867E34-445F-46CD-8E16-142A76345D81}.Debug|x64.ActiveCfg = Debug|Any CPU
		{56867E34-445F-46CD-8E16-142A76345D81}.Debug|x64.Build.0 = Debug|Any CPU
		{56867E34-445F-46CD-8E16-142A76345D81}.Debug|x64.Deploy.0 = Debug|Any CPU
		{56867E34-445F-46CD-8E16-142A76345D81}.Debug|x86.ActiveCfg = Debug|x86
		{56867E34-445F-46CD-8E16-142A76345D81}.Debug|x86.Build.0 = Debug|x86
		{56867E34-445F-46CD-8E16-142A76345D81}.Debug|x86.Deploy.0 = Debug|x86
		{56867E34-445F-46CD-8E16-142A76345D81}.Release|Any CPU.ActiveCfg = Release|Any CPU
		{56867E34-445F-46CD-8E16-142A76345D81}.Release|Any CPU.Build.0 = Release|Any CPU
		{56867E34-445F-46CD-8E16-142A76345D81}.Release|Any CPU.Deploy.0 = Release|Any CPU
		{56867E34-445F-46CD-8E16-142A76345D81}.Release|ARM.ActiveCfg = Release|ARM
		{56867E34-445F-46CD-8E16-142A76345D81}.Release|ARM.Build.0 = Release|ARM
		{56867E34-445F-46CD-8E16-142A76345D81}.Release|ARM.Deploy.0 = Release|ARM
		{56867E34-445F-46CD-8E16-142A76345D81}.Release|iPhone.ActiveCfg = Release|Any CPU
		{56867E34-445F-46CD-8E16-142A76345D81}.Release|iPhone.Build.0 = Release|Any CPU
		{56867E34-445F-46CD-8E16-142A76345D81}.Release|iPhone.Deploy.0 = Release|Any CPU
		{56867E34-445F-46CD-8E16-142A76345D81}.Release|iPhoneSimulator.ActiveCfg = Release|Any CPU
		{56867E34-445F-46CD-8E16-142A76345D81}.Release|iPhoneSimulator.Build.0 = Release|Any CPU
		{56867E34-445F-46CD-8E16-142A76345D81}.Release|iPhoneSimulator.Deploy.0 = Release|Any CPU
		{56867E34-445F-46CD-8E16-142A76345D81}.Release|x64.ActiveCfg = Release|Any CPU
		{56867E34-445F-46CD-8E16-142A76345D81}.Release|x64.Build.0 = Release|Any CPU
		{56867E34-445F-46CD-8E16-142A76345D81}.Release|x64.Deploy.0 = Release|Any CPU
		{56867E34-445F-46CD-8E16-142A76345D81}.Release|x86.ActiveCfg = Release|x86
		{56867E34-445F-46CD-8E16-142A76345D81}.Release|x86.Build.0 = Release|x86
		{56867E34-445F-46CD-8E16-142A76345D81}.Release|x86.Deploy.0 = Release|x86
		{12A0A1A8-0BD7-483C-B31A-E082D5BDAEE5}.Ad-Hoc|Any CPU.ActiveCfg = Release|x86
		{12A0A1A8-0BD7-483C-B31A-E082D5BDAEE5}.Ad-Hoc|Any CPU.Build.0 = Release|x86
		{12A0A1A8-0BD7-483C-B31A-E082D5BDAEE5}.Ad-Hoc|Any CPU.Deploy.0 = Release|x86
		{12A0A1A8-0BD7-483C-B31A-E082D5BDAEE5}.Ad-Hoc|ARM.ActiveCfg = Release|ARM
		{12A0A1A8-0BD7-483C-B31A-E082D5BDAEE5}.Ad-Hoc|ARM.Build.0 = Release|ARM
		{12A0A1A8-0BD7-483C-B31A-E082D5BDAEE5}.Ad-Hoc|ARM.Deploy.0 = Release|ARM
		{12A0A1A8-0BD7-483C-B31A-E082D5BDAEE5}.Ad-Hoc|iPhone.ActiveCfg = Release|x86
		{12A0A1A8-0BD7-483C-B31A-E082D5BDAEE5}.Ad-Hoc|iPhone.Build.0 = Release|x86
		{12A0A1A8-0BD7-483C-B31A-E082D5BDAEE5}.Ad-Hoc|iPhone.Deploy.0 = Release|x86
		{12A0A1A8-0BD7-483C-B31A-E082D5BDAEE5}.Ad-Hoc|iPhoneSimulator.ActiveCfg = Release|x86
		{12A0A1A8-0BD7-483C-B31A-E082D5BDAEE5}.Ad-Hoc|iPhoneSimulator.Build.0 = Release|x86
		{12A0A1A8-0BD7-483C-B31A-E082D5BDAEE5}.Ad-Hoc|iPhoneSimulator.Deploy.0 = Release|x86
		{12A0A1A8-0BD7-483C-B31A-E082D5BDAEE5}.Ad-Hoc|x64.ActiveCfg = Release|x64
		{12A0A1A8-0BD7-483C-B31A-E082D5BDAEE5}.Ad-Hoc|x64.Build.0 = Release|x64
		{12A0A1A8-0BD7-483C-B31A-E082D5BDAEE5}.Ad-Hoc|x64.Deploy.0 = Release|x64
		{12A0A1A8-0BD7-483C-B31A-E082D5BDAEE5}.Ad-Hoc|x86.ActiveCfg = Release|x86
		{12A0A1A8-0BD7-483C-B31A-E082D5BDAEE5}.Ad-Hoc|x86.Build.0 = Release|x86
		{12A0A1A8-0BD7-483C-B31A-E082D5BDAEE5}.Ad-Hoc|x86.Deploy.0 = Release|x86
		{12A0A1A8-0BD7-483C-B31A-E082D5BDAEE5}.AppStore|Any CPU.ActiveCfg = Release|x86
		{12A0A1A8-0BD7-483C-B31A-E082D5BDAEE5}.AppStore|Any CPU.Build.0 = Release|x86
		{12A0A1A8-0BD7-483C-B31A-E082D5BDAEE5}.AppStore|Any CPU.Deploy.0 = Release|x86
		{12A0A1A8-0BD7-483C-B31A-E082D5BDAEE5}.AppStore|ARM.ActiveCfg = Release|ARM
		{12A0A1A8-0BD7-483C-B31A-E082D5BDAEE5}.AppStore|ARM.Build.0 = Release|ARM
		{12A0A1A8-0BD7-483C-B31A-E082D5BDAEE5}.AppStore|ARM.Deploy.0 = Release|ARM
		{12A0A1A8-0BD7-483C-B31A-E082D5BDAEE5}.AppStore|iPhone.ActiveCfg = Release|x86
		{12A0A1A8-0BD7-483C-B31A-E082D5BDAEE5}.AppStore|iPhone.Build.0 = Release|x86
		{12A0A1A8-0BD7-483C-B31A-E082D5BDAEE5}.AppStore|iPhone.Deploy.0 = Release|x86
		{12A0A1A8-0BD7-483C-B31A-E082D5BDAEE5}.AppStore|iPhoneSimulator.ActiveCfg = Release|x86
		{12A0A1A8-0BD7-483C-B31A-E082D5BDAEE5}.AppStore|iPhoneSimulator.Build.0 = Release|x86
		{12A0A1A8-0BD7-483C-B31A-E082D5BDAEE5}.AppStore|iPhoneSimulator.Deploy.0 = Release|x86
		{12A0A1A8-0BD7-483C-B31A-E082D5BDAEE5}.AppStore|x64.ActiveCfg = Release|x64
		{12A0A1A8-0BD7-483C-B31A-E082D5BDAEE5}.AppStore|x64.Build.0 = Release|x64
		{12A0A1A8-0BD7-483C-B31A-E082D5BDAEE5}.AppStore|x64.Deploy.0 = Release|x64
		{12A0A1A8-0BD7-483C-B31A-E082D5BDAEE5}.AppStore|x86.ActiveCfg = Release|x86
		{12A0A1A8-0BD7-483C-B31A-E082D5BDAEE5}.AppStore|x86.Build.0 = Release|x86
		{12A0A1A8-0BD7-483C-B31A-E082D5BDAEE5}.AppStore|x86.Deploy.0 = Release|x86
		{12A0A1A8-0BD7-483C-B31A-E082D5BDAEE5}.Debug|Any CPU.ActiveCfg = Debug|x86
		{12A0A1A8-0BD7-483C-B31A-E082D5BDAEE5}.Debug|ARM.ActiveCfg = Debug|ARM
		{12A0A1A8-0BD7-483C-B31A-E082D5BDAEE5}.Debug|ARM.Build.0 = Debug|ARM
		{12A0A1A8-0BD7-483C-B31A-E082D5BDAEE5}.Debug|ARM.Deploy.0 = Debug|ARM
		{12A0A1A8-0BD7-483C-B31A-E082D5BDAEE5}.Debug|iPhone.ActiveCfg = Debug|x86
		{12A0A1A8-0BD7-483C-B31A-E082D5BDAEE5}.Debug|iPhoneSimulator.ActiveCfg = Debug|x86
		{12A0A1A8-0BD7-483C-B31A-E082D5BDAEE5}.Debug|x64.ActiveCfg = Debug|x64
		{12A0A1A8-0BD7-483C-B31A-E082D5BDAEE5}.Debug|x64.Build.0 = Debug|x64
		{12A0A1A8-0BD7-483C-B31A-E082D5BDAEE5}.Debug|x64.Deploy.0 = Debug|x64
		{12A0A1A8-0BD7-483C-B31A-E082D5BDAEE5}.Debug|x86.ActiveCfg = Debug|x86
		{12A0A1A8-0BD7-483C-B31A-E082D5BDAEE5}.Debug|x86.Build.0 = Debug|x86
		{12A0A1A8-0BD7-483C-B31A-E082D5BDAEE5}.Debug|x86.Deploy.0 = Debug|x86
		{12A0A1A8-0BD7-483C-B31A-E082D5BDAEE5}.Release|Any CPU.ActiveCfg = Release|x86
		{12A0A1A8-0BD7-483C-B31A-E082D5BDAEE5}.Release|ARM.ActiveCfg = Release|ARM
		{12A0A1A8-0BD7-483C-B31A-E082D5BDAEE5}.Release|ARM.Build.0 = Release|ARM
		{12A0A1A8-0BD7-483C-B31A-E082D5BDAEE5}.Release|ARM.Deploy.0 = Release|ARM
		{12A0A1A8-0BD7-483C-B31A-E082D5BDAEE5}.Release|iPhone.ActiveCfg = Release|x86
		{12A0A1A8-0BD7-483C-B31A-E082D5BDAEE5}.Release|iPhoneSimulator.ActiveCfg = Release|x86
		{12A0A1A8-0BD7-483C-B31A-E082D5BDAEE5}.Release|x64.ActiveCfg = Release|x64
		{12A0A1A8-0BD7-483C-B31A-E082D5BDAEE5}.Release|x64.Build.0 = Release|x64
		{12A0A1A8-0BD7-483C-B31A-E082D5BDAEE5}.Release|x64.Deploy.0 = Release|x64
		{12A0A1A8-0BD7-483C-B31A-E082D5BDAEE5}.Release|x86.ActiveCfg = Release|x86
		{12A0A1A8-0BD7-483C-B31A-E082D5BDAEE5}.Release|x86.Build.0 = Release|x86
		{12A0A1A8-0BD7-483C-B31A-E082D5BDAEE5}.Release|x86.Deploy.0 = Release|x86
		{0B4374B4-5DF2-4090-A38E-79CC621364FE}.Ad-Hoc|Any CPU.ActiveCfg = Release|Any CPU
		{0B4374B4-5DF2-4090-A38E-79CC621364FE}.Ad-Hoc|Any CPU.Build.0 = Release|Any CPU
		{0B4374B4-5DF2-4090-A38E-79CC621364FE}.Ad-Hoc|Any CPU.Deploy.0 = Release|Any CPU
		{0B4374B4-5DF2-4090-A38E-79CC621364FE}.Ad-Hoc|ARM.ActiveCfg = Release|ARM
		{0B4374B4-5DF2-4090-A38E-79CC621364FE}.Ad-Hoc|ARM.Build.0 = Release|ARM
		{0B4374B4-5DF2-4090-A38E-79CC621364FE}.Ad-Hoc|ARM.Deploy.0 = Release|ARM
		{0B4374B4-5DF2-4090-A38E-79CC621364FE}.Ad-Hoc|iPhone.ActiveCfg = Release|Any CPU
		{0B4374B4-5DF2-4090-A38E-79CC621364FE}.Ad-Hoc|iPhone.Build.0 = Release|Any CPU
		{0B4374B4-5DF2-4090-A38E-79CC621364FE}.Ad-Hoc|iPhone.Deploy.0 = Release|Any CPU
		{0B4374B4-5DF2-4090-A38E-79CC621364FE}.Ad-Hoc|iPhoneSimulator.ActiveCfg = Release|Any CPU
		{0B4374B4-5DF2-4090-A38E-79CC621364FE}.Ad-Hoc|iPhoneSimulator.Build.0 = Release|Any CPU
		{0B4374B4-5DF2-4090-A38E-79CC621364FE}.Ad-Hoc|iPhoneSimulator.Deploy.0 = Release|Any CPU
		{0B4374B4-5DF2-4090-A38E-79CC621364FE}.Ad-Hoc|x64.ActiveCfg = Release|x64
		{0B4374B4-5DF2-4090-A38E-79CC621364FE}.Ad-Hoc|x64.Build.0 = Release|x64
		{0B4374B4-5DF2-4090-A38E-79CC621364FE}.Ad-Hoc|x64.Deploy.0 = Release|x64
		{0B4374B4-5DF2-4090-A38E-79CC621364FE}.Ad-Hoc|x86.ActiveCfg = Release|x86
		{0B4374B4-5DF2-4090-A38E-79CC621364FE}.Ad-Hoc|x86.Build.0 = Release|x86
		{0B4374B4-5DF2-4090-A38E-79CC621364FE}.Ad-Hoc|x86.Deploy.0 = Release|x86
		{0B4374B4-5DF2-4090-A38E-79CC621364FE}.AppStore|Any CPU.ActiveCfg = Release|Any CPU
		{0B4374B4-5DF2-4090-A38E-79CC621364FE}.AppStore|Any CPU.Build.0 = Release|Any CPU
		{0B4374B4-5DF2-4090-A38E-79CC621364FE}.AppStore|Any CPU.Deploy.0 = Release|Any CPU
		{0B4374B4-5DF2-4090-A38E-79CC621364FE}.AppStore|ARM.ActiveCfg = Release|ARM
		{0B4374B4-5DF2-4090-A38E-79CC621364FE}.AppStore|ARM.Build.0 = Release|ARM
		{0B4374B4-5DF2-4090-A38E-79CC621364FE}.AppStore|ARM.Deploy.0 = Release|ARM
		{0B4374B4-5DF2-4090-A38E-79CC621364FE}.AppStore|iPhone.ActiveCfg = Release|Any CPU
		{0B4374B4-5DF2-4090-A38E-79CC621364FE}.AppStore|iPhone.Build.0 = Release|Any CPU
		{0B4374B4-5DF2-4090-A38E-79CC621364FE}.AppStore|iPhone.Deploy.0 = Release|Any CPU
		{0B4374B4-5DF2-4090-A38E-79CC621364FE}.AppStore|iPhoneSimulator.ActiveCfg = Release|Any CPU
		{0B4374B4-5DF2-4090-A38E-79CC621364FE}.AppStore|iPhoneSimulator.Build.0 = Release|Any CPU
		{0B4374B4-5DF2-4090-A38E-79CC621364FE}.AppStore|iPhoneSimulator.Deploy.0 = Release|Any CPU
		{0B4374B4-5DF2-4090-A38E-79CC621364FE}.AppStore|x64.ActiveCfg = Release|x64
		{0B4374B4-5DF2-4090-A38E-79CC621364FE}.AppStore|x64.Build.0 = Release|x64
		{0B4374B4-5DF2-4090-A38E-79CC621364FE}.AppStore|x64.Deploy.0 = Release|x64
		{0B4374B4-5DF2-4090-A38E-79CC621364FE}.AppStore|x86.ActiveCfg = Release|x86
		{0B4374B4-5DF2-4090-A38E-79CC621364FE}.AppStore|x86.Build.0 = Release|x86
		{0B4374B4-5DF2-4090-A38E-79CC621364FE}.AppStore|x86.Deploy.0 = Release|x86
		{0B4374B4-5DF2-4090-A38E-79CC621364FE}.Debug|Any CPU.ActiveCfg = Debug|Any CPU
		{0B4374B4-5DF2-4090-A38E-79CC621364FE}.Debug|Any CPU.Build.0 = Debug|Any CPU
		{0B4374B4-5DF2-4090-A38E-79CC621364FE}.Debug|Any CPU.Deploy.0 = Debug|Any CPU
		{0B4374B4-5DF2-4090-A38E-79CC621364FE}.Debug|ARM.ActiveCfg = Debug|ARM
		{0B4374B4-5DF2-4090-A38E-79CC621364FE}.Debug|ARM.Build.0 = Debug|ARM
		{0B4374B4-5DF2-4090-A38E-79CC621364FE}.Debug|ARM.Deploy.0 = Debug|ARM
		{0B4374B4-5DF2-4090-A38E-79CC621364FE}.Debug|iPhone.ActiveCfg = Debug|Any CPU
		{0B4374B4-5DF2-4090-A38E-79CC621364FE}.Debug|iPhone.Build.0 = Debug|Any CPU
		{0B4374B4-5DF2-4090-A38E-79CC621364FE}.Debug|iPhone.Deploy.0 = Debug|Any CPU
		{0B4374B4-5DF2-4090-A38E-79CC621364FE}.Debug|iPhoneSimulator.ActiveCfg = Debug|Any CPU
		{0B4374B4-5DF2-4090-A38E-79CC621364FE}.Debug|iPhoneSimulator.Build.0 = Debug|Any CPU
		{0B4374B4-5DF2-4090-A38E-79CC621364FE}.Debug|iPhoneSimulator.Deploy.0 = Debug|Any CPU
		{0B4374B4-5DF2-4090-A38E-79CC621364FE}.Debug|x64.ActiveCfg = Debug|x64
		{0B4374B4-5DF2-4090-A38E-79CC621364FE}.Debug|x64.Build.0 = Debug|x64
		{0B4374B4-5DF2-4090-A38E-79CC621364FE}.Debug|x64.Deploy.0 = Debug|x64
		{0B4374B4-5DF2-4090-A38E-79CC621364FE}.Debug|x86.ActiveCfg = Debug|x86
		{0B4374B4-5DF2-4090-A38E-79CC621364FE}.Debug|x86.Build.0 = Debug|x86
		{0B4374B4-5DF2-4090-A38E-79CC621364FE}.Debug|x86.Deploy.0 = Debug|x86
		{0B4374B4-5DF2-4090-A38E-79CC621364FE}.Release|Any CPU.ActiveCfg = Release|Any CPU
		{0B4374B4-5DF2-4090-A38E-79CC621364FE}.Release|Any CPU.Build.0 = Release|Any CPU
		{0B4374B4-5DF2-4090-A38E-79CC621364FE}.Release|Any CPU.Deploy.0 = Release|Any CPU
		{0B4374B4-5DF2-4090-A38E-79CC621364FE}.Release|ARM.ActiveCfg = Release|ARM
		{0B4374B4-5DF2-4090-A38E-79CC621364FE}.Release|ARM.Build.0 = Release|ARM
		{0B4374B4-5DF2-4090-A38E-79CC621364FE}.Release|ARM.Deploy.0 = Release|ARM
		{0B4374B4-5DF2-4090-A38E-79CC621364FE}.Release|iPhone.ActiveCfg = Release|Any CPU
		{0B4374B4-5DF2-4090-A38E-79CC621364FE}.Release|iPhone.Build.0 = Release|Any CPU
		{0B4374B4-5DF2-4090-A38E-79CC621364FE}.Release|iPhone.Deploy.0 = Release|Any CPU
		{0B4374B4-5DF2-4090-A38E-79CC621364FE}.Release|iPhoneSimulator.ActiveCfg = Release|Any CPU
		{0B4374B4-5DF2-4090-A38E-79CC621364FE}.Release|iPhoneSimulator.Build.0 = Release|Any CPU
		{0B4374B4-5DF2-4090-A38E-79CC621364FE}.Release|iPhoneSimulator.Deploy.0 = Release|Any CPU
		{0B4374B4-5DF2-4090-A38E-79CC621364FE}.Release|x64.ActiveCfg = Release|x64
		{0B4374B4-5DF2-4090-A38E-79CC621364FE}.Release|x64.Build.0 = Release|x64
		{0B4374B4-5DF2-4090-A38E-79CC621364FE}.Release|x64.Deploy.0 = Release|x64
		{0B4374B4-5DF2-4090-A38E-79CC621364FE}.Release|x86.ActiveCfg = Release|x86
		{0B4374B4-5DF2-4090-A38E-79CC621364FE}.Release|x86.Build.0 = Release|x86
		{0B4374B4-5DF2-4090-A38E-79CC621364FE}.Release|x86.Deploy.0 = Release|x86
		{19E32A30-3D3B-4796-A2FD-379619F86244}.Ad-Hoc|Any CPU.ActiveCfg = Release|Any CPU
		{19E32A30-3D3B-4796-A2FD-379619F86244}.Ad-Hoc|Any CPU.Build.0 = Release|Any CPU
		{19E32A30-3D3B-4796-A2FD-379619F86244}.Ad-Hoc|ARM.ActiveCfg = Release|Any CPU
		{19E32A30-3D3B-4796-A2FD-379619F86244}.Ad-Hoc|ARM.Build.0 = Release|Any CPU
		{19E32A30-3D3B-4796-A2FD-379619F86244}.Ad-Hoc|iPhone.ActiveCfg = Release|Any CPU
		{19E32A30-3D3B-4796-A2FD-379619F86244}.Ad-Hoc|iPhone.Build.0 = Release|Any CPU
		{19E32A30-3D3B-4796-A2FD-379619F86244}.Ad-Hoc|iPhoneSimulator.ActiveCfg = Release|Any CPU
		{19E32A30-3D3B-4796-A2FD-379619F86244}.Ad-Hoc|iPhoneSimulator.Build.0 = Release|Any CPU
		{19E32A30-3D3B-4796-A2FD-379619F86244}.Ad-Hoc|x64.ActiveCfg = Release|Any CPU
		{19E32A30-3D3B-4796-A2FD-379619F86244}.Ad-Hoc|x64.Build.0 = Release|Any CPU
		{19E32A30-3D3B-4796-A2FD-379619F86244}.Ad-Hoc|x86.ActiveCfg = Release|Any CPU
		{19E32A30-3D3B-4796-A2FD-379619F86244}.Ad-Hoc|x86.Build.0 = Release|Any CPU
		{19E32A30-3D3B-4796-A2FD-379619F86244}.AppStore|Any CPU.ActiveCfg = Release|Any CPU
		{19E32A30-3D3B-4796-A2FD-379619F86244}.AppStore|Any CPU.Build.0 = Release|Any CPU
		{19E32A30-3D3B-4796-A2FD-379619F86244}.AppStore|ARM.ActiveCfg = Release|Any CPU
		{19E32A30-3D3B-4796-A2FD-379619F86244}.AppStore|ARM.Build.0 = Release|Any CPU
		{19E32A30-3D3B-4796-A2FD-379619F86244}.AppStore|iPhone.ActiveCfg = Release|Any CPU
		{19E32A30-3D3B-4796-A2FD-379619F86244}.AppStore|iPhone.Build.0 = Release|Any CPU
		{19E32A30-3D3B-4796-A2FD-379619F86244}.AppStore|iPhoneSimulator.ActiveCfg = Release|Any CPU
		{19E32A30-3D3B-4796-A2FD-379619F86244}.AppStore|iPhoneSimulator.Build.0 = Release|Any CPU
		{19E32A30-3D3B-4796-A2FD-379619F86244}.AppStore|x64.ActiveCfg = Release|Any CPU
		{19E32A30-3D3B-4796-A2FD-379619F86244}.AppStore|x64.Build.0 = Release|Any CPU
		{19E32A30-3D3B-4796-A2FD-379619F86244}.AppStore|x86.ActiveCfg = Release|Any CPU
		{19E32A30-3D3B-4796-A2FD-379619F86244}.AppStore|x86.Build.0 = Release|Any CPU
		{19E32A30-3D3B-4796-A2FD-379619F86244}.Debug|Any CPU.ActiveCfg = Debug|Any CPU
		{19E32A30-3D3B-4796-A2FD-379619F86244}.Debug|Any CPU.Build.0 = Debug|Any CPU
		{19E32A30-3D3B-4796-A2FD-379619F86244}.Debug|ARM.ActiveCfg = Debug|Any CPU
		{19E32A30-3D3B-4796-A2FD-379619F86244}.Debug|ARM.Build.0 = Debug|Any CPU
		{19E32A30-3D3B-4796-A2FD-379619F86244}.Debug|iPhone.ActiveCfg = Debug|Any CPU
		{19E32A30-3D3B-4796-A2FD-379619F86244}.Debug|iPhone.Build.0 = Debug|Any CPU
		{19E32A30-3D3B-4796-A2FD-379619F86244}.Debug|iPhoneSimulator.ActiveCfg = Debug|Any CPU
		{19E32A30-3D3B-4796-A2FD-379619F86244}.Debug|iPhoneSimulator.Build.0 = Debug|Any CPU
		{19E32A30-3D3B-4796-A2FD-379619F86244}.Debug|x64.ActiveCfg = Debug|Any CPU
		{19E32A30-3D3B-4796-A2FD-379619F86244}.Debug|x64.Build.0 = Debug|Any CPU
		{19E32A30-3D3B-4796-A2FD-379619F86244}.Debug|x86.ActiveCfg = Debug|Any CPU
		{19E32A30-3D3B-4796-A2FD-379619F86244}.Debug|x86.Build.0 = Debug|Any CPU
		{19E32A30-3D3B-4796-A2FD-379619F86244}.Release|Any CPU.ActiveCfg = Release|Any CPU
		{19E32A30-3D3B-4796-A2FD-379619F86244}.Release|Any CPU.Build.0 = Release|Any CPU
		{19E32A30-3D3B-4796-A2FD-379619F86244}.Release|ARM.ActiveCfg = Release|Any CPU
		{19E32A30-3D3B-4796-A2FD-379619F86244}.Release|ARM.Build.0 = Release|Any CPU
		{19E32A30-3D3B-4796-A2FD-379619F86244}.Release|iPhone.ActiveCfg = Release|Any CPU
		{19E32A30-3D3B-4796-A2FD-379619F86244}.Release|iPhone.Build.0 = Release|Any CPU
		{19E32A30-3D3B-4796-A2FD-379619F86244}.Release|iPhoneSimulator.ActiveCfg = Release|Any CPU
		{19E32A30-3D3B-4796-A2FD-379619F86244}.Release|iPhoneSimulator.Build.0 = Release|Any CPU
		{19E32A30-3D3B-4796-A2FD-379619F86244}.Release|x64.ActiveCfg = Release|Any CPU
		{19E32A30-3D3B-4796-A2FD-379619F86244}.Release|x64.Build.0 = Release|Any CPU
		{19E32A30-3D3B-4796-A2FD-379619F86244}.Release|x86.ActiveCfg = Release|Any CPU
		{19E32A30-3D3B-4796-A2FD-379619F86244}.Release|x86.Build.0 = Release|Any CPU
		{E618CB8D-5134-48EA-9DC3-CB4441E79B89}.Ad-Hoc|Any CPU.ActiveCfg = Release|Any CPU
		{E618CB8D-5134-48EA-9DC3-CB4441E79B89}.Ad-Hoc|Any CPU.Build.0 = Release|Any CPU
		{E618CB8D-5134-48EA-9DC3-CB4441E79B89}.Ad-Hoc|ARM.ActiveCfg = Release|Any CPU
		{E618CB8D-5134-48EA-9DC3-CB4441E79B89}.Ad-Hoc|ARM.Build.0 = Release|Any CPU
		{E618CB8D-5134-48EA-9DC3-CB4441E79B89}.Ad-Hoc|iPhone.ActiveCfg = Release|Any CPU
		{E618CB8D-5134-48EA-9DC3-CB4441E79B89}.Ad-Hoc|iPhone.Build.0 = Release|Any CPU
		{E618CB8D-5134-48EA-9DC3-CB4441E79B89}.Ad-Hoc|iPhoneSimulator.ActiveCfg = Release|Any CPU
		{E618CB8D-5134-48EA-9DC3-CB4441E79B89}.Ad-Hoc|iPhoneSimulator.Build.0 = Release|Any CPU
		{E618CB8D-5134-48EA-9DC3-CB4441E79B89}.Ad-Hoc|x64.ActiveCfg = Release|Any CPU
		{E618CB8D-5134-48EA-9DC3-CB4441E79B89}.Ad-Hoc|x64.Build.0 = Release|Any CPU
		{E618CB8D-5134-48EA-9DC3-CB4441E79B89}.Ad-Hoc|x86.ActiveCfg = Release|Any CPU
		{E618CB8D-5134-48EA-9DC3-CB4441E79B89}.Ad-Hoc|x86.Build.0 = Release|Any CPU
		{E618CB8D-5134-48EA-9DC3-CB4441E79B89}.AppStore|Any CPU.ActiveCfg = Release|Any CPU
		{E618CB8D-5134-48EA-9DC3-CB4441E79B89}.AppStore|Any CPU.Build.0 = Release|Any CPU
		{E618CB8D-5134-48EA-9DC3-CB4441E79B89}.AppStore|ARM.ActiveCfg = Release|Any CPU
		{E618CB8D-5134-48EA-9DC3-CB4441E79B89}.AppStore|ARM.Build.0 = Release|Any CPU
		{E618CB8D-5134-48EA-9DC3-CB4441E79B89}.AppStore|iPhone.ActiveCfg = Release|Any CPU
		{E618CB8D-5134-48EA-9DC3-CB4441E79B89}.AppStore|iPhone.Build.0 = Release|Any CPU
		{E618CB8D-5134-48EA-9DC3-CB4441E79B89}.AppStore|iPhoneSimulator.ActiveCfg = Release|Any CPU
		{E618CB8D-5134-48EA-9DC3-CB4441E79B89}.AppStore|iPhoneSimulator.Build.0 = Release|Any CPU
		{E618CB8D-5134-48EA-9DC3-CB4441E79B89}.AppStore|x64.ActiveCfg = Release|Any CPU
		{E618CB8D-5134-48EA-9DC3-CB4441E79B89}.AppStore|x64.Build.0 = Release|Any CPU
		{E618CB8D-5134-48EA-9DC3-CB4441E79B89}.AppStore|x86.ActiveCfg = Release|Any CPU
		{E618CB8D-5134-48EA-9DC3-CB4441E79B89}.AppStore|x86.Build.0 = Release|Any CPU
		{E618CB8D-5134-48EA-9DC3-CB4441E79B89}.Debug|Any CPU.ActiveCfg = Debug|Any CPU
		{E618CB8D-5134-48EA-9DC3-CB4441E79B89}.Debug|Any CPU.Build.0 = Debug|Any CPU
		{E618CB8D-5134-48EA-9DC3-CB4441E79B89}.Debug|ARM.ActiveCfg = Debug|Any CPU
		{E618CB8D-5134-48EA-9DC3-CB4441E79B89}.Debug|ARM.Build.0 = Debug|Any CPU
		{E618CB8D-5134-48EA-9DC3-CB4441E79B89}.Debug|iPhone.ActiveCfg = Debug|Any CPU
		{E618CB8D-5134-48EA-9DC3-CB4441E79B89}.Debug|iPhone.Build.0 = Debug|Any CPU
		{E618CB8D-5134-48EA-9DC3-CB4441E79B89}.Debug|iPhoneSimulator.ActiveCfg = Debug|Any CPU
		{E618CB8D-5134-48EA-9DC3-CB4441E79B89}.Debug|iPhoneSimulator.Build.0 = Debug|Any CPU
		{E618CB8D-5134-48EA-9DC3-CB4441E79B89}.Debug|x64.ActiveCfg = Debug|Any CPU
		{E618CB8D-5134-48EA-9DC3-CB4441E79B89}.Debug|x64.Build.0 = Debug|Any CPU
		{E618CB8D-5134-48EA-9DC3-CB4441E79B89}.Debug|x86.ActiveCfg = Debug|Any CPU
		{E618CB8D-5134-48EA-9DC3-CB4441E79B89}.Debug|x86.Build.0 = Debug|Any CPU
		{E618CB8D-5134-48EA-9DC3-CB4441E79B89}.Release|Any CPU.ActiveCfg = Release|Any CPU
		{E618CB8D-5134-48EA-9DC3-CB4441E79B89}.Release|Any CPU.Build.0 = Release|Any CPU
		{E618CB8D-5134-48EA-9DC3-CB4441E79B89}.Release|ARM.ActiveCfg = Release|Any CPU
		{E618CB8D-5134-48EA-9DC3-CB4441E79B89}.Release|ARM.Build.0 = Release|Any CPU
		{E618CB8D-5134-48EA-9DC3-CB4441E79B89}.Release|iPhone.ActiveCfg = Release|Any CPU
		{E618CB8D-5134-48EA-9DC3-CB4441E79B89}.Release|iPhone.Build.0 = Release|Any CPU
		{E618CB8D-5134-48EA-9DC3-CB4441E79B89}.Release|iPhoneSimulator.ActiveCfg = Release|Any CPU
		{E618CB8D-5134-48EA-9DC3-CB4441E79B89}.Release|iPhoneSimulator.Build.0 = Release|Any CPU
		{E618CB8D-5134-48EA-9DC3-CB4441E79B89}.Release|x64.ActiveCfg = Release|Any CPU
		{E618CB8D-5134-48EA-9DC3-CB4441E79B89}.Release|x64.Build.0 = Release|Any CPU
		{E618CB8D-5134-48EA-9DC3-CB4441E79B89}.Release|x86.ActiveCfg = Release|Any CPU
		{E618CB8D-5134-48EA-9DC3-CB4441E79B89}.Release|x86.Build.0 = Release|Any CPU
		{A7C6D93F-2FA5-4976-984F-A5EB2AE530FE}.Ad-Hoc|Any CPU.ActiveCfg = Release|Any CPU
		{A7C6D93F-2FA5-4976-984F-A5EB2AE530FE}.Ad-Hoc|Any CPU.Build.0 = Release|Any CPU
		{A7C6D93F-2FA5-4976-984F-A5EB2AE530FE}.Ad-Hoc|ARM.ActiveCfg = Release|Any CPU
		{A7C6D93F-2FA5-4976-984F-A5EB2AE530FE}.Ad-Hoc|ARM.Build.0 = Release|Any CPU
		{A7C6D93F-2FA5-4976-984F-A5EB2AE530FE}.Ad-Hoc|iPhone.ActiveCfg = Release|Any CPU
		{A7C6D93F-2FA5-4976-984F-A5EB2AE530FE}.Ad-Hoc|iPhone.Build.0 = Release|Any CPU
		{A7C6D93F-2FA5-4976-984F-A5EB2AE530FE}.Ad-Hoc|iPhoneSimulator.ActiveCfg = Release|Any CPU
		{A7C6D93F-2FA5-4976-984F-A5EB2AE530FE}.Ad-Hoc|iPhoneSimulator.Build.0 = Release|Any CPU
		{A7C6D93F-2FA5-4976-984F-A5EB2AE530FE}.Ad-Hoc|x64.ActiveCfg = Release|Any CPU
		{A7C6D93F-2FA5-4976-984F-A5EB2AE530FE}.Ad-Hoc|x64.Build.0 = Release|Any CPU
		{A7C6D93F-2FA5-4976-984F-A5EB2AE530FE}.Ad-Hoc|x86.ActiveCfg = Release|Any CPU
		{A7C6D93F-2FA5-4976-984F-A5EB2AE530FE}.Ad-Hoc|x86.Build.0 = Release|Any CPU
		{A7C6D93F-2FA5-4976-984F-A5EB2AE530FE}.AppStore|Any CPU.ActiveCfg = Release|Any CPU
		{A7C6D93F-2FA5-4976-984F-A5EB2AE530FE}.AppStore|Any CPU.Build.0 = Release|Any CPU
		{A7C6D93F-2FA5-4976-984F-A5EB2AE530FE}.AppStore|ARM.ActiveCfg = Release|Any CPU
		{A7C6D93F-2FA5-4976-984F-A5EB2AE530FE}.AppStore|ARM.Build.0 = Release|Any CPU
		{A7C6D93F-2FA5-4976-984F-A5EB2AE530FE}.AppStore|iPhone.ActiveCfg = Release|Any CPU
		{A7C6D93F-2FA5-4976-984F-A5EB2AE530FE}.AppStore|iPhone.Build.0 = Release|Any CPU
		{A7C6D93F-2FA5-4976-984F-A5EB2AE530FE}.AppStore|iPhoneSimulator.ActiveCfg = Release|Any CPU
		{A7C6D93F-2FA5-4976-984F-A5EB2AE530FE}.AppStore|iPhoneSimulator.Build.0 = Release|Any CPU
		{A7C6D93F-2FA5-4976-984F-A5EB2AE530FE}.AppStore|x64.ActiveCfg = Release|Any CPU
		{A7C6D93F-2FA5-4976-984F-A5EB2AE530FE}.AppStore|x64.Build.0 = Release|Any CPU
		{A7C6D93F-2FA5-4976-984F-A5EB2AE530FE}.AppStore|x86.ActiveCfg = Release|Any CPU
		{A7C6D93F-2FA5-4976-984F-A5EB2AE530FE}.AppStore|x86.Build.0 = Release|Any CPU
		{A7C6D93F-2FA5-4976-984F-A5EB2AE530FE}.Debug|Any CPU.ActiveCfg = Debug|Any CPU
		{A7C6D93F-2FA5-4976-984F-A5EB2AE530FE}.Debug|Any CPU.Build.0 = Debug|Any CPU
		{A7C6D93F-2FA5-4976-984F-A5EB2AE530FE}.Debug|ARM.ActiveCfg = Debug|Any CPU
		{A7C6D93F-2FA5-4976-984F-A5EB2AE530FE}.Debug|ARM.Build.0 = Debug|Any CPU
		{A7C6D93F-2FA5-4976-984F-A5EB2AE530FE}.Debug|iPhone.ActiveCfg = Debug|Any CPU
		{A7C6D93F-2FA5-4976-984F-A5EB2AE530FE}.Debug|iPhone.Build.0 = Debug|Any CPU
		{A7C6D93F-2FA5-4976-984F-A5EB2AE530FE}.Debug|iPhoneSimulator.ActiveCfg = Debug|Any CPU
		{A7C6D93F-2FA5-4976-984F-A5EB2AE530FE}.Debug|iPhoneSimulator.Build.0 = Debug|Any CPU
		{A7C6D93F-2FA5-4976-984F-A5EB2AE530FE}.Debug|x64.ActiveCfg = Debug|Any CPU
		{A7C6D93F-2FA5-4976-984F-A5EB2AE530FE}.Debug|x64.Build.0 = Debug|Any CPU
		{A7C6D93F-2FA5-4976-984F-A5EB2AE530FE}.Debug|x86.ActiveCfg = Debug|Any CPU
		{A7C6D93F-2FA5-4976-984F-A5EB2AE530FE}.Debug|x86.Build.0 = Debug|Any CPU
		{A7C6D93F-2FA5-4976-984F-A5EB2AE530FE}.Release|Any CPU.ActiveCfg = Release|Any CPU
		{A7C6D93F-2FA5-4976-984F-A5EB2AE530FE}.Release|Any CPU.Build.0 = Release|Any CPU
		{A7C6D93F-2FA5-4976-984F-A5EB2AE530FE}.Release|ARM.ActiveCfg = Release|Any CPU
		{A7C6D93F-2FA5-4976-984F-A5EB2AE530FE}.Release|ARM.Build.0 = Release|Any CPU
		{A7C6D93F-2FA5-4976-984F-A5EB2AE530FE}.Release|iPhone.ActiveCfg = Release|Any CPU
		{A7C6D93F-2FA5-4976-984F-A5EB2AE530FE}.Release|iPhone.Build.0 = Release|Any CPU
		{A7C6D93F-2FA5-4976-984F-A5EB2AE530FE}.Release|iPhoneSimulator.ActiveCfg = Release|Any CPU
		{A7C6D93F-2FA5-4976-984F-A5EB2AE530FE}.Release|iPhoneSimulator.Build.0 = Release|Any CPU
		{A7C6D93F-2FA5-4976-984F-A5EB2AE530FE}.Release|x64.ActiveCfg = Release|Any CPU
		{A7C6D93F-2FA5-4976-984F-A5EB2AE530FE}.Release|x64.Build.0 = Release|Any CPU
		{A7C6D93F-2FA5-4976-984F-A5EB2AE530FE}.Release|x86.ActiveCfg = Release|Any CPU
		{A7C6D93F-2FA5-4976-984F-A5EB2AE530FE}.Release|x86.Build.0 = Release|Any CPU
		{AEDC5F78-14B7-4E9D-B8C7-603D3B7C78B8}.Ad-Hoc|Any CPU.ActiveCfg = Release|Any CPU
		{AEDC5F78-14B7-4E9D-B8C7-603D3B7C78B8}.Ad-Hoc|Any CPU.Build.0 = Release|Any CPU
		{AEDC5F78-14B7-4E9D-B8C7-603D3B7C78B8}.Ad-Hoc|ARM.ActiveCfg = Release|Any CPU
		{AEDC5F78-14B7-4E9D-B8C7-603D3B7C78B8}.Ad-Hoc|ARM.Build.0 = Release|Any CPU
		{AEDC5F78-14B7-4E9D-B8C7-603D3B7C78B8}.Ad-Hoc|iPhone.ActiveCfg = Release|Any CPU
		{AEDC5F78-14B7-4E9D-B8C7-603D3B7C78B8}.Ad-Hoc|iPhone.Build.0 = Release|Any CPU
		{AEDC5F78-14B7-4E9D-B8C7-603D3B7C78B8}.Ad-Hoc|iPhoneSimulator.ActiveCfg = Release|Any CPU
		{AEDC5F78-14B7-4E9D-B8C7-603D3B7C78B8}.Ad-Hoc|iPhoneSimulator.Build.0 = Release|Any CPU
		{AEDC5F78-14B7-4E9D-B8C7-603D3B7C78B8}.Ad-Hoc|x64.ActiveCfg = Release|Any CPU
		{AEDC5F78-14B7-4E9D-B8C7-603D3B7C78B8}.Ad-Hoc|x64.Build.0 = Release|Any CPU
		{AEDC5F78-14B7-4E9D-B8C7-603D3B7C78B8}.Ad-Hoc|x86.ActiveCfg = Release|Any CPU
		{AEDC5F78-14B7-4E9D-B8C7-603D3B7C78B8}.Ad-Hoc|x86.Build.0 = Release|Any CPU
		{AEDC5F78-14B7-4E9D-B8C7-603D3B7C78B8}.AppStore|Any CPU.ActiveCfg = Release|Any CPU
		{AEDC5F78-14B7-4E9D-B8C7-603D3B7C78B8}.AppStore|Any CPU.Build.0 = Release|Any CPU
		{AEDC5F78-14B7-4E9D-B8C7-603D3B7C78B8}.AppStore|ARM.ActiveCfg = Release|Any CPU
		{AEDC5F78-14B7-4E9D-B8C7-603D3B7C78B8}.AppStore|ARM.Build.0 = Release|Any CPU
		{AEDC5F78-14B7-4E9D-B8C7-603D3B7C78B8}.AppStore|iPhone.ActiveCfg = Release|Any CPU
		{AEDC5F78-14B7-4E9D-B8C7-603D3B7C78B8}.AppStore|iPhone.Build.0 = Release|Any CPU
		{AEDC5F78-14B7-4E9D-B8C7-603D3B7C78B8}.AppStore|iPhoneSimulator.ActiveCfg = Release|Any CPU
		{AEDC5F78-14B7-4E9D-B8C7-603D3B7C78B8}.AppStore|iPhoneSimulator.Build.0 = Release|Any CPU
		{AEDC5F78-14B7-4E9D-B8C7-603D3B7C78B8}.AppStore|x64.ActiveCfg = Release|Any CPU
		{AEDC5F78-14B7-4E9D-B8C7-603D3B7C78B8}.AppStore|x64.Build.0 = Release|Any CPU
		{AEDC5F78-14B7-4E9D-B8C7-603D3B7C78B8}.AppStore|x86.ActiveCfg = Release|Any CPU
		{AEDC5F78-14B7-4E9D-B8C7-603D3B7C78B8}.AppStore|x86.Build.0 = Release|Any CPU
		{AEDC5F78-14B7-4E9D-B8C7-603D3B7C78B8}.Debug|Any CPU.ActiveCfg = Debug|Any CPU
		{AEDC5F78-14B7-4E9D-B8C7-603D3B7C78B8}.Debug|Any CPU.Build.0 = Debug|Any CPU
		{AEDC5F78-14B7-4E9D-B8C7-603D3B7C78B8}.Debug|ARM.ActiveCfg = Debug|Any CPU
		{AEDC5F78-14B7-4E9D-B8C7-603D3B7C78B8}.Debug|ARM.Build.0 = Debug|Any CPU
		{AEDC5F78-14B7-4E9D-B8C7-603D3B7C78B8}.Debug|iPhone.ActiveCfg = Debug|Any CPU
		{AEDC5F78-14B7-4E9D-B8C7-603D3B7C78B8}.Debug|iPhone.Build.0 = Debug|Any CPU
		{AEDC5F78-14B7-4E9D-B8C7-603D3B7C78B8}.Debug|iPhoneSimulator.ActiveCfg = Debug|Any CPU
		{AEDC5F78-14B7-4E9D-B8C7-603D3B7C78B8}.Debug|iPhoneSimulator.Build.0 = Debug|Any CPU
		{AEDC5F78-14B7-4E9D-B8C7-603D3B7C78B8}.Debug|x64.ActiveCfg = Debug|Any CPU
		{AEDC5F78-14B7-4E9D-B8C7-603D3B7C78B8}.Debug|x64.Build.0 = Debug|Any CPU
		{AEDC5F78-14B7-4E9D-B8C7-603D3B7C78B8}.Debug|x86.ActiveCfg = Debug|Any CPU
		{AEDC5F78-14B7-4E9D-B8C7-603D3B7C78B8}.Debug|x86.Build.0 = Debug|Any CPU
		{AEDC5F78-14B7-4E9D-B8C7-603D3B7C78B8}.Release|Any CPU.ActiveCfg = Release|Any CPU
		{AEDC5F78-14B7-4E9D-B8C7-603D3B7C78B8}.Release|Any CPU.Build.0 = Release|Any CPU
		{AEDC5F78-14B7-4E9D-B8C7-603D3B7C78B8}.Release|ARM.ActiveCfg = Release|Any CPU
		{AEDC5F78-14B7-4E9D-B8C7-603D3B7C78B8}.Release|ARM.Build.0 = Release|Any CPU
		{AEDC5F78-14B7-4E9D-B8C7-603D3B7C78B8}.Release|iPhone.ActiveCfg = Release|Any CPU
		{AEDC5F78-14B7-4E9D-B8C7-603D3B7C78B8}.Release|iPhone.Build.0 = Release|Any CPU
		{AEDC5F78-14B7-4E9D-B8C7-603D3B7C78B8}.Release|iPhoneSimulator.ActiveCfg = Release|Any CPU
		{AEDC5F78-14B7-4E9D-B8C7-603D3B7C78B8}.Release|iPhoneSimulator.Build.0 = Release|Any CPU
		{AEDC5F78-14B7-4E9D-B8C7-603D3B7C78B8}.Release|x64.ActiveCfg = Release|Any CPU
		{AEDC5F78-14B7-4E9D-B8C7-603D3B7C78B8}.Release|x64.Build.0 = Release|Any CPU
		{AEDC5F78-14B7-4E9D-B8C7-603D3B7C78B8}.Release|x86.ActiveCfg = Release|Any CPU
		{AEDC5F78-14B7-4E9D-B8C7-603D3B7C78B8}.Release|x86.Build.0 = Release|Any CPU
		{32C67E9B-4F1B-454A-AF39-CD6B3ABABEE8}.Ad-Hoc|Any CPU.ActiveCfg = Release|Any CPU
		{32C67E9B-4F1B-454A-AF39-CD6B3ABABEE8}.Ad-Hoc|Any CPU.Build.0 = Release|Any CPU
		{32C67E9B-4F1B-454A-AF39-CD6B3ABABEE8}.Ad-Hoc|ARM.ActiveCfg = Release|Any CPU
		{32C67E9B-4F1B-454A-AF39-CD6B3ABABEE8}.Ad-Hoc|ARM.Build.0 = Release|Any CPU
		{32C67E9B-4F1B-454A-AF39-CD6B3ABABEE8}.Ad-Hoc|iPhone.ActiveCfg = Release|Any CPU
		{32C67E9B-4F1B-454A-AF39-CD6B3ABABEE8}.Ad-Hoc|iPhone.Build.0 = Release|Any CPU
		{32C67E9B-4F1B-454A-AF39-CD6B3ABABEE8}.Ad-Hoc|iPhoneSimulator.ActiveCfg = Release|Any CPU
		{32C67E9B-4F1B-454A-AF39-CD6B3ABABEE8}.Ad-Hoc|iPhoneSimulator.Build.0 = Release|Any CPU
		{32C67E9B-4F1B-454A-AF39-CD6B3ABABEE8}.Ad-Hoc|x64.ActiveCfg = Release|Any CPU
		{32C67E9B-4F1B-454A-AF39-CD6B3ABABEE8}.Ad-Hoc|x64.Build.0 = Release|Any CPU
		{32C67E9B-4F1B-454A-AF39-CD6B3ABABEE8}.Ad-Hoc|x86.ActiveCfg = Release|Any CPU
		{32C67E9B-4F1B-454A-AF39-CD6B3ABABEE8}.Ad-Hoc|x86.Build.0 = Release|Any CPU
		{32C67E9B-4F1B-454A-AF39-CD6B3ABABEE8}.AppStore|Any CPU.ActiveCfg = Release|Any CPU
		{32C67E9B-4F1B-454A-AF39-CD6B3ABABEE8}.AppStore|Any CPU.Build.0 = Release|Any CPU
		{32C67E9B-4F1B-454A-AF39-CD6B3ABABEE8}.AppStore|ARM.ActiveCfg = Release|Any CPU
		{32C67E9B-4F1B-454A-AF39-CD6B3ABABEE8}.AppStore|ARM.Build.0 = Release|Any CPU
		{32C67E9B-4F1B-454A-AF39-CD6B3ABABEE8}.AppStore|iPhone.ActiveCfg = Release|Any CPU
		{32C67E9B-4F1B-454A-AF39-CD6B3ABABEE8}.AppStore|iPhone.Build.0 = Release|Any CPU
		{32C67E9B-4F1B-454A-AF39-CD6B3ABABEE8}.AppStore|iPhoneSimulator.ActiveCfg = Release|Any CPU
		{32C67E9B-4F1B-454A-AF39-CD6B3ABABEE8}.AppStore|iPhoneSimulator.Build.0 = Release|Any CPU
		{32C67E9B-4F1B-454A-AF39-CD6B3ABABEE8}.AppStore|x64.ActiveCfg = Release|Any CPU
		{32C67E9B-4F1B-454A-AF39-CD6B3ABABEE8}.AppStore|x64.Build.0 = Release|Any CPU
		{32C67E9B-4F1B-454A-AF39-CD6B3ABABEE8}.AppStore|x86.ActiveCfg = Release|Any CPU
		{32C67E9B-4F1B-454A-AF39-CD6B3ABABEE8}.AppStore|x86.Build.0 = Release|Any CPU
		{32C67E9B-4F1B-454A-AF39-CD6B3ABABEE8}.Debug|Any CPU.ActiveCfg = Debug|Any CPU
		{32C67E9B-4F1B-454A-AF39-CD6B3ABABEE8}.Debug|Any CPU.Build.0 = Debug|Any CPU
		{32C67E9B-4F1B-454A-AF39-CD6B3ABABEE8}.Debug|ARM.ActiveCfg = Debug|Any CPU
		{32C67E9B-4F1B-454A-AF39-CD6B3ABABEE8}.Debug|ARM.Build.0 = Debug|Any CPU
		{32C67E9B-4F1B-454A-AF39-CD6B3ABABEE8}.Debug|iPhone.ActiveCfg = Debug|Any CPU
		{32C67E9B-4F1B-454A-AF39-CD6B3ABABEE8}.Debug|iPhone.Build.0 = Debug|Any CPU
		{32C67E9B-4F1B-454A-AF39-CD6B3ABABEE8}.Debug|iPhoneSimulator.ActiveCfg = Debug|Any CPU
		{32C67E9B-4F1B-454A-AF39-CD6B3ABABEE8}.Debug|iPhoneSimulator.Build.0 = Debug|Any CPU
		{32C67E9B-4F1B-454A-AF39-CD6B3ABABEE8}.Debug|x64.ActiveCfg = Debug|Any CPU
		{32C67E9B-4F1B-454A-AF39-CD6B3ABABEE8}.Debug|x64.Build.0 = Debug|Any CPU
		{32C67E9B-4F1B-454A-AF39-CD6B3ABABEE8}.Debug|x86.ActiveCfg = Debug|Any CPU
		{32C67E9B-4F1B-454A-AF39-CD6B3ABABEE8}.Debug|x86.Build.0 = Debug|Any CPU
		{32C67E9B-4F1B-454A-AF39-CD6B3ABABEE8}.Release|Any CPU.ActiveCfg = Release|Any CPU
		{32C67E9B-4F1B-454A-AF39-CD6B3ABABEE8}.Release|Any CPU.Build.0 = Release|Any CPU
		{32C67E9B-4F1B-454A-AF39-CD6B3ABABEE8}.Release|ARM.ActiveCfg = Release|Any CPU
		{32C67E9B-4F1B-454A-AF39-CD6B3ABABEE8}.Release|ARM.Build.0 = Release|Any CPU
		{32C67E9B-4F1B-454A-AF39-CD6B3ABABEE8}.Release|iPhone.ActiveCfg = Release|Any CPU
		{32C67E9B-4F1B-454A-AF39-CD6B3ABABEE8}.Release|iPhone.Build.0 = Release|Any CPU
		{32C67E9B-4F1B-454A-AF39-CD6B3ABABEE8}.Release|iPhoneSimulator.ActiveCfg = Release|Any CPU
		{32C67E9B-4F1B-454A-AF39-CD6B3ABABEE8}.Release|iPhoneSimulator.Build.0 = Release|Any CPU
		{32C67E9B-4F1B-454A-AF39-CD6B3ABABEE8}.Release|x64.ActiveCfg = Release|Any CPU
		{32C67E9B-4F1B-454A-AF39-CD6B3ABABEE8}.Release|x64.Build.0 = Release|Any CPU
		{32C67E9B-4F1B-454A-AF39-CD6B3ABABEE8}.Release|x86.ActiveCfg = Release|Any CPU
		{32C67E9B-4F1B-454A-AF39-CD6B3ABABEE8}.Release|x86.Build.0 = Release|Any CPU
		{95D44A0C-EB23-457B-8604-2100ED726018}.Ad-Hoc|Any CPU.ActiveCfg = Release|Any CPU
		{95D44A0C-EB23-457B-8604-2100ED726018}.Ad-Hoc|Any CPU.Build.0 = Release|Any CPU
		{95D44A0C-EB23-457B-8604-2100ED726018}.Ad-Hoc|ARM.ActiveCfg = Release|Any CPU
		{95D44A0C-EB23-457B-8604-2100ED726018}.Ad-Hoc|ARM.Build.0 = Release|Any CPU
		{95D44A0C-EB23-457B-8604-2100ED726018}.Ad-Hoc|iPhone.ActiveCfg = Release|Any CPU
		{95D44A0C-EB23-457B-8604-2100ED726018}.Ad-Hoc|iPhone.Build.0 = Release|Any CPU
		{95D44A0C-EB23-457B-8604-2100ED726018}.Ad-Hoc|iPhoneSimulator.ActiveCfg = Release|Any CPU
		{95D44A0C-EB23-457B-8604-2100ED726018}.Ad-Hoc|iPhoneSimulator.Build.0 = Release|Any CPU
		{95D44A0C-EB23-457B-8604-2100ED726018}.Ad-Hoc|x64.ActiveCfg = Release|Any CPU
		{95D44A0C-EB23-457B-8604-2100ED726018}.Ad-Hoc|x64.Build.0 = Release|Any CPU
		{95D44A0C-EB23-457B-8604-2100ED726018}.Ad-Hoc|x86.ActiveCfg = Release|Any CPU
		{95D44A0C-EB23-457B-8604-2100ED726018}.Ad-Hoc|x86.Build.0 = Release|Any CPU
		{95D44A0C-EB23-457B-8604-2100ED726018}.AppStore|Any CPU.ActiveCfg = Release|Any CPU
		{95D44A0C-EB23-457B-8604-2100ED726018}.AppStore|Any CPU.Build.0 = Release|Any CPU
		{95D44A0C-EB23-457B-8604-2100ED726018}.AppStore|ARM.ActiveCfg = Release|Any CPU
		{95D44A0C-EB23-457B-8604-2100ED726018}.AppStore|ARM.Build.0 = Release|Any CPU
		{95D44A0C-EB23-457B-8604-2100ED726018}.AppStore|iPhone.ActiveCfg = Release|Any CPU
		{95D44A0C-EB23-457B-8604-2100ED726018}.AppStore|iPhone.Build.0 = Release|Any CPU
		{95D44A0C-EB23-457B-8604-2100ED726018}.AppStore|iPhoneSimulator.ActiveCfg = Release|Any CPU
		{95D44A0C-EB23-457B-8604-2100ED726018}.AppStore|iPhoneSimulator.Build.0 = Release|Any CPU
		{95D44A0C-EB23-457B-8604-2100ED726018}.AppStore|x64.ActiveCfg = Release|Any CPU
		{95D44A0C-EB23-457B-8604-2100ED726018}.AppStore|x64.Build.0 = Release|Any CPU
		{95D44A0C-EB23-457B-8604-2100ED726018}.AppStore|x86.ActiveCfg = Release|Any CPU
		{95D44A0C-EB23-457B-8604-2100ED726018}.AppStore|x86.Build.0 = Release|Any CPU
		{95D44A0C-EB23-457B-8604-2100ED726018}.Debug|Any CPU.ActiveCfg = Debug|Any CPU
		{95D44A0C-EB23-457B-8604-2100ED726018}.Debug|Any CPU.Build.0 = Debug|Any CPU
		{95D44A0C-EB23-457B-8604-2100ED726018}.Debug|ARM.ActiveCfg = Debug|Any CPU
		{95D44A0C-EB23-457B-8604-2100ED726018}.Debug|ARM.Build.0 = Debug|Any CPU
		{95D44A0C-EB23-457B-8604-2100ED726018}.Debug|iPhone.ActiveCfg = Debug|Any CPU
		{95D44A0C-EB23-457B-8604-2100ED726018}.Debug|iPhone.Build.0 = Debug|Any CPU
		{95D44A0C-EB23-457B-8604-2100ED726018}.Debug|iPhoneSimulator.ActiveCfg = Debug|Any CPU
		{95D44A0C-EB23-457B-8604-2100ED726018}.Debug|iPhoneSimulator.Build.0 = Debug|Any CPU
		{95D44A0C-EB23-457B-8604-2100ED726018}.Debug|x64.ActiveCfg = Debug|Any CPU
		{95D44A0C-EB23-457B-8604-2100ED726018}.Debug|x64.Build.0 = Debug|Any CPU
		{95D44A0C-EB23-457B-8604-2100ED726018}.Debug|x86.ActiveCfg = Debug|Any CPU
		{95D44A0C-EB23-457B-8604-2100ED726018}.Debug|x86.Build.0 = Debug|Any CPU
		{95D44A0C-EB23-457B-8604-2100ED726018}.Release|Any CPU.ActiveCfg = Release|Any CPU
		{95D44A0C-EB23-457B-8604-2100ED726018}.Release|Any CPU.Build.0 = Release|Any CPU
		{95D44A0C-EB23-457B-8604-2100ED726018}.Release|ARM.ActiveCfg = Release|Any CPU
		{95D44A0C-EB23-457B-8604-2100ED726018}.Release|ARM.Build.0 = Release|Any CPU
		{95D44A0C-EB23-457B-8604-2100ED726018}.Release|iPhone.ActiveCfg = Release|Any CPU
		{95D44A0C-EB23-457B-8604-2100ED726018}.Release|iPhone.Build.0 = Release|Any CPU
		{95D44A0C-EB23-457B-8604-2100ED726018}.Release|iPhoneSimulator.ActiveCfg = Release|Any CPU
		{95D44A0C-EB23-457B-8604-2100ED726018}.Release|iPhoneSimulator.Build.0 = Release|Any CPU
		{95D44A0C-EB23-457B-8604-2100ED726018}.Release|x64.ActiveCfg = Release|Any CPU
		{95D44A0C-EB23-457B-8604-2100ED726018}.Release|x64.Build.0 = Release|Any CPU
		{95D44A0C-EB23-457B-8604-2100ED726018}.Release|x86.ActiveCfg = Release|Any CPU
		{95D44A0C-EB23-457B-8604-2100ED726018}.Release|x86.Build.0 = Release|Any CPU
	EndGlobalSection
	GlobalSection(SolutionProperties) = preSolution
		HideSolutionNode = FALSE
	EndGlobalSection
	GlobalSection(NestedProjects) = preSolution
		{D1FCF556-8583-4C2F-BC87-C49F046D347C} = {7FFD23CE-3A9F-4776-B7DC-0CBD0DF982C0}
		{B26B07D1-80A2-40DD-9C49-C1A1D287BAA7} = {87F19ABD-04D6-4961-9FA0-C853D2089924}
		{68053B6C-DCC9-4EA4-ACEB-1C2638795253} = {87F19ABD-04D6-4961-9FA0-C853D2089924}
		{56867E34-445F-46CD-8E16-142A76345D81} = {87F19ABD-04D6-4961-9FA0-C853D2089924}
		{12A0A1A8-0BD7-483C-B31A-E082D5BDAEE5} = {87F19ABD-04D6-4961-9FA0-C853D2089924}
		{0B4374B4-5DF2-4090-A38E-79CC621364FE} = {87F19ABD-04D6-4961-9FA0-C853D2089924}
		{19E32A30-3D3B-4796-A2FD-379619F86244} = {F9C9820E-AB5A-4296-A53C-C7730A5823A4}
		{75C6D005-0602-4C8C-BBA2-502ED9D33156} = {E6993CB0-9294-4888-A279-0B9341900966}
		{7FFD23CE-3A9F-4776-B7DC-0CBD0DF982C0} = {75C6D005-0602-4C8C-BBA2-502ED9D33156}
		{87F19ABD-04D6-4961-9FA0-C853D2089924} = {75C6D005-0602-4C8C-BBA2-502ED9D33156}
		{16550385-8F83-46F6-AC41-5BEEAFDBC06C} = {75C6D005-0602-4C8C-BBA2-502ED9D33156}
		{E618CB8D-5134-48EA-9DC3-CB4441E79B89} = {16550385-8F83-46F6-AC41-5BEEAFDBC06C}
		{A7C6D93F-2FA5-4976-984F-A5EB2AE530FE} = {16550385-8F83-46F6-AC41-5BEEAFDBC06C}
		{AEDC5F78-14B7-4E9D-B8C7-603D3B7C78B8} = {70E44C0D-2A13-4939-A38D-D515E91BB2E3}
		{32C67E9B-4F1B-454A-AF39-CD6B3ABABEE8} = {70E44C0D-2A13-4939-A38D-D515E91BB2E3}
		{95D44A0C-EB23-457B-8604-2100ED726018} = {7FFD23CE-3A9F-4776-B7DC-0CBD0DF982C0}
	EndGlobalSection
EndGlobal
